// !$*UTF8*$!
{
	archiveVersion = 1;
	classes = {
	};
	objectVersion = 50;
	objects = {

/* Begin PBXBuildFile section */
		F685724B25FD809400ECD7C3 /* ParseGateway.swift in Sources */ = {isa = PBXBuildFile; fileRef = F685724A25FD809400ECD7C3 /* ParseGateway.swift */; };
		F685724D25FD846000ECD7C3 /* StudentInformation.swift in Sources */ = {isa = PBXBuildFile; fileRef = F685724C25FD846000ECD7C3 /* StudentInformation.swift */; };
		F685724F25FD9C9600ECD7C3 /* MapViewController.swift in Sources */ = {isa = PBXBuildFile; fileRef = F685724E25FD9C9600ECD7C3 /* MapViewController.swift */; };
		F685725125FDA56800ECD7C3 /* InMemoryStore.swift in Sources */ = {isa = PBXBuildFile; fileRef = F685725025FDA56800ECD7C3 /* InMemoryStore.swift */; };
		F688C6E625EC620100C1F10D /* AppDelegate.swift in Sources */ = {isa = PBXBuildFile; fileRef = F688C6E525EC620100C1F10D /* AppDelegate.swift */; };
		F688C6E825EC620100C1F10D /* SignInViewController.swift in Sources */ = {isa = PBXBuildFile; fileRef = F688C6E725EC620100C1F10D /* SignInViewController.swift */; };
		F688C6EB25EC620100C1F10D /* Main.storyboard in Resources */ = {isa = PBXBuildFile; fileRef = F688C6E925EC620100C1F10D /* Main.storyboard */; };
		F688C6EE25EC620100C1F10D /* OnTheMap.xcdatamodeld in Sources */ = {isa = PBXBuildFile; fileRef = F688C6EC25EC620100C1F10D /* OnTheMap.xcdatamodeld */; };
		F688C6F025EC620300C1F10D /* Assets.xcassets in Resources */ = {isa = PBXBuildFile; fileRef = F688C6EF25EC620300C1F10D /* Assets.xcassets */; };
		F688C6F325EC620300C1F10D /* LaunchScreen.storyboard in Resources */ = {isa = PBXBuildFile; fileRef = F688C6F125EC620300C1F10D /* LaunchScreen.storyboard */; };
		F688C6FE25EC620300C1F10D /* OnTheMapTests.swift in Sources */ = {isa = PBXBuildFile; fileRef = F688C6FD25EC620300C1F10D /* OnTheMapTests.swift */; };
		F688C70925EC620400C1F10D /* OnTheMapUITests.swift in Sources */ = {isa = PBXBuildFile; fileRef = F688C70825EC620400C1F10D /* OnTheMapUITests.swift */; };
		F688C75925EC6C9A00C1F10D /* UdacityAuthenticator.swift in Sources */ = {isa = PBXBuildFile; fileRef = F688C75825EC6C9A00C1F10D /* UdacityAuthenticator.swift */; };
		F6D978E9261D8D78003D8450 /* StudentInformatonTableViewController.swift in Sources */ = {isa = PBXBuildFile; fileRef = F6D978E8261D8D78003D8450 /* StudentInformatonTableViewController.swift */; };
		F6D978EB261D9F00003D8450 /* StudentInformationTableCell.swift in Sources */ = {isa = PBXBuildFile; fileRef = F6D978EA261D9F00003D8450 /* StudentInformationTableCell.swift */; };
		F6D978ED2623925E003D8450 /* PostPinViewController.swift in Sources */ = {isa = PBXBuildFile; fileRef = F6D978EC2623925E003D8450 /* PostPinViewController.swift */; };
		F6D978EF262397F5003D8450 /* SubmitPinViewController.swift in Sources */ = {isa = PBXBuildFile; fileRef = F6D978EE262397F5003D8450 /* SubmitPinViewController.swift */; };
		F6D978F1262D3E90003D8450 /* KeyboardAwareViewController.swift in Sources */ = {isa = PBXBuildFile; fileRef = F6D978F0262D3E90003D8450 /* KeyboardAwareViewController.swift */; };
/* End PBXBuildFile section */

/* Begin PBXContainerItemProxy section */
		F688C6FA25EC620300C1F10D /* PBXContainerItemProxy */ = {
			isa = PBXContainerItemProxy;
			containerPortal = F688C6DA25EC620100C1F10D /* Project object */;
			proxyType = 1;
			remoteGlobalIDString = F688C6E125EC620100C1F10D;
			remoteInfo = OnTheMap;
		};
		F688C70525EC620400C1F10D /* PBXContainerItemProxy */ = {
			isa = PBXContainerItemProxy;
			containerPortal = F688C6DA25EC620100C1F10D /* Project object */;
			proxyType = 1;
			remoteGlobalIDString = F688C6E125EC620100C1F10D;
			remoteInfo = OnTheMap;
		};
/* End PBXContainerItemProxy section */

/* Begin PBXFileReference section */
		F685724A25FD809400ECD7C3 /* ParseGateway.swift */ = {isa = PBXFileReference; lastKnownFileType = sourcecode.swift; path = ParseGateway.swift; sourceTree = "<group>"; };
		F685724C25FD846000ECD7C3 /* StudentInformation.swift */ = {isa = PBXFileReference; lastKnownFileType = sourcecode.swift; path = StudentInformation.swift; sourceTree = "<group>"; };
		F685724E25FD9C9600ECD7C3 /* MapViewController.swift */ = {isa = PBXFileReference; lastKnownFileType = sourcecode.swift; path = MapViewController.swift; sourceTree = "<group>"; };
		F685725025FDA56800ECD7C3 /* InMemoryStore.swift */ = {isa = PBXFileReference; lastKnownFileType = sourcecode.swift; path = InMemoryStore.swift; sourceTree = "<group>"; };
		F688C6E225EC620100C1F10D /* OnTheMap.app */ = {isa = PBXFileReference; explicitFileType = wrapper.application; includeInIndex = 0; path = OnTheMap.app; sourceTree = BUILT_PRODUCTS_DIR; };
		F688C6E525EC620100C1F10D /* AppDelegate.swift */ = {isa = PBXFileReference; lastKnownFileType = sourcecode.swift; path = AppDelegate.swift; sourceTree = "<group>"; };
		F688C6E725EC620100C1F10D /* SignInViewController.swift */ = {isa = PBXFileReference; lastKnownFileType = sourcecode.swift; path = SignInViewController.swift; sourceTree = "<group>"; };
		F688C6EA25EC620100C1F10D /* Base */ = {isa = PBXFileReference; lastKnownFileType = file.storyboard; name = Base; path = Base.lproj/Main.storyboard; sourceTree = "<group>"; };
		F688C6ED25EC620100C1F10D /* OnTheMap.xcdatamodel */ = {isa = PBXFileReference; lastKnownFileType = wrapper.xcdatamodel; path = OnTheMap.xcdatamodel; sourceTree = "<group>"; };
		F688C6EF25EC620300C1F10D /* Assets.xcassets */ = {isa = PBXFileReference; lastKnownFileType = folder.assetcatalog; path = Assets.xcassets; sourceTree = "<group>"; };
		F688C6F225EC620300C1F10D /* Base */ = {isa = PBXFileReference; lastKnownFileType = file.storyboard; name = Base; path = Base.lproj/LaunchScreen.storyboard; sourceTree = "<group>"; };
		F688C6F425EC620300C1F10D /* Info.plist */ = {isa = PBXFileReference; lastKnownFileType = text.plist.xml; path = Info.plist; sourceTree = "<group>"; };
		F688C6F925EC620300C1F10D /* OnTheMapTests.xctest */ = {isa = PBXFileReference; explicitFileType = wrapper.cfbundle; includeInIndex = 0; path = OnTheMapTests.xctest; sourceTree = BUILT_PRODUCTS_DIR; };
		F688C6FD25EC620300C1F10D /* OnTheMapTests.swift */ = {isa = PBXFileReference; lastKnownFileType = sourcecode.swift; path = OnTheMapTests.swift; sourceTree = "<group>"; };
		F688C6FF25EC620300C1F10D /* Info.plist */ = {isa = PBXFileReference; lastKnownFileType = text.plist.xml; path = Info.plist; sourceTree = "<group>"; };
		F688C70425EC620400C1F10D /* OnTheMapUITests.xctest */ = {isa = PBXFileReference; explicitFileType = wrapper.cfbundle; includeInIndex = 0; path = OnTheMapUITests.xctest; sourceTree = BUILT_PRODUCTS_DIR; };
		F688C70825EC620400C1F10D /* OnTheMapUITests.swift */ = {isa = PBXFileReference; lastKnownFileType = sourcecode.swift; path = OnTheMapUITests.swift; sourceTree = "<group>"; };
		F688C70A25EC620400C1F10D /* Info.plist */ = {isa = PBXFileReference; lastKnownFileType = text.plist.xml; path = Info.plist; sourceTree = "<group>"; };
		F688C75825EC6C9A00C1F10D /* UdacityAuthenticator.swift */ = {isa = PBXFileReference; lastKnownFileType = sourcecode.swift; path = UdacityAuthenticator.swift; sourceTree = "<group>"; };
		F6D978E8261D8D78003D8450 /* StudentInformatonTableViewController.swift */ = {isa = PBXFileReference; lastKnownFileType = sourcecode.swift; path = StudentInformatonTableViewController.swift; sourceTree = "<group>"; };
		F6D978EA261D9F00003D8450 /* StudentInformationTableCell.swift */ = {isa = PBXFileReference; lastKnownFileType = sourcecode.swift; path = StudentInformationTableCell.swift; sourceTree = "<group>"; };
		F6D978EC2623925E003D8450 /* PostPinViewController.swift */ = {isa = PBXFileReference; lastKnownFileType = sourcecode.swift; path = PostPinViewController.swift; sourceTree = "<group>"; };
		F6D978EE262397F5003D8450 /* SubmitPinViewController.swift */ = {isa = PBXFileReference; lastKnownFileType = sourcecode.swift; path = SubmitPinViewController.swift; sourceTree = "<group>"; };
		F6D978F0262D3E90003D8450 /* KeyboardAwareViewController.swift */ = {isa = PBXFileReference; lastKnownFileType = sourcecode.swift; path = KeyboardAwareViewController.swift; sourceTree = "<group>"; };
/* End PBXFileReference section */

/* Begin PBXFrameworksBuildPhase section */
		F688C6DF25EC620100C1F10D /* Frameworks */ = {
			isa = PBXFrameworksBuildPhase;
			buildActionMask = 2147483647;
			files = (
			);
			runOnlyForDeploymentPostprocessing = 0;
		};
		F688C6F625EC620300C1F10D /* Frameworks */ = {
			isa = PBXFrameworksBuildPhase;
			buildActionMask = 2147483647;
			files = (
			);
			runOnlyForDeploymentPostprocessing = 0;
		};
		F688C70125EC620300C1F10D /* Frameworks */ = {
			isa = PBXFrameworksBuildPhase;
			buildActionMask = 2147483647;
			files = (
			);
			runOnlyForDeploymentPostprocessing = 0;
		};
/* End PBXFrameworksBuildPhase section */

/* Begin PBXGroup section */
		F688C6D925EC620100C1F10D = {
			isa = PBXGroup;
			children = (
				F688C6E425EC620100C1F10D /* OnTheMap */,
				F688C6FC25EC620300C1F10D /* OnTheMapTests */,
				F688C70725EC620400C1F10D /* OnTheMapUITests */,
				F688C6E325EC620100C1F10D /* Products */,
			);
			sourceTree = "<group>";
		};
		F688C6E325EC620100C1F10D /* Products */ = {
			isa = PBXGroup;
			children = (
				F688C6E225EC620100C1F10D /* OnTheMap.app */,
				F688C6F925EC620300C1F10D /* OnTheMapTests.xctest */,
				F688C70425EC620400C1F10D /* OnTheMapUITests.xctest */,
			);
			name = Products;
			sourceTree = "<group>";
		};
		F688C6E425EC620100C1F10D /* OnTheMap */ = {
			isa = PBXGroup;
			children = (
				F688C6E525EC620100C1F10D /* AppDelegate.swift */,
				F688C6E925EC620100C1F10D /* Main.storyboard */,
				F688C6EF25EC620300C1F10D /* Assets.xcassets */,
				F688C6F125EC620300C1F10D /* LaunchScreen.storyboard */,
				F688C6F425EC620300C1F10D /* Info.plist */,
				F688C6EC25EC620100C1F10D /* OnTheMap.xcdatamodeld */,
				F688C75825EC6C9A00C1F10D /* UdacityAuthenticator.swift */,
				F685724A25FD809400ECD7C3 /* ParseGateway.swift */,
				F685724C25FD846000ECD7C3 /* StudentInformation.swift */,
				F685724E25FD9C9600ECD7C3 /* MapViewController.swift */,
				F685725025FDA56800ECD7C3 /* InMemoryStore.swift */,
				F688C6E725EC620100C1F10D /* SignInViewController.swift */,
				F6D978E8261D8D78003D8450 /* StudentInformatonTableViewController.swift */,
				F6D978EA261D9F00003D8450 /* StudentInformationTableCell.swift */,
				F6D978EC2623925E003D8450 /* PostPinViewController.swift */,
				F6D978EE262397F5003D8450 /* SubmitPinViewController.swift */,
				F6D978F0262D3E90003D8450 /* KeyboardAwareViewController.swift */,
			);
			path = OnTheMap;
			sourceTree = "<group>";
		};
		F688C6FC25EC620300C1F10D /* OnTheMapTests */ = {
			isa = PBXGroup;
			children = (
				F688C6FD25EC620300C1F10D /* OnTheMapTests.swift */,
				F688C6FF25EC620300C1F10D /* Info.plist */,
			);
			path = OnTheMapTests;
			sourceTree = "<group>";
		};
		F688C70725EC620400C1F10D /* OnTheMapUITests */ = {
			isa = PBXGroup;
			children = (
				F688C70825EC620400C1F10D /* OnTheMapUITests.swift */,
				F688C70A25EC620400C1F10D /* Info.plist */,
			);
			path = OnTheMapUITests;
			sourceTree = "<group>";
		};
/* End PBXGroup section */

/* Begin PBXNativeTarget section */
		F688C6E125EC620100C1F10D /* OnTheMap */ = {
			isa = PBXNativeTarget;
			buildConfigurationList = F688C70D25EC620400C1F10D /* Build configuration list for PBXNativeTarget "OnTheMap" */;
			buildPhases = (
				F688C6DE25EC620100C1F10D /* Sources */,
				F688C6DF25EC620100C1F10D /* Frameworks */,
				F688C6E025EC620100C1F10D /* Resources */,
			);
			buildRules = (
			);
			dependencies = (
			);
			name = OnTheMap;
			productName = OnTheMap;
			productReference = F688C6E225EC620100C1F10D /* OnTheMap.app */;
			productType = "com.apple.product-type.application";
		};
		F688C6F825EC620300C1F10D /* OnTheMapTests */ = {
			isa = PBXNativeTarget;
			buildConfigurationList = F688C71025EC620400C1F10D /* Build configuration list for PBXNativeTarget "OnTheMapTests" */;
			buildPhases = (
				F688C6F525EC620300C1F10D /* Sources */,
				F688C6F625EC620300C1F10D /* Frameworks */,
				F688C6F725EC620300C1F10D /* Resources */,
			);
			buildRules = (
			);
			dependencies = (
				F688C6FB25EC620300C1F10D /* PBXTargetDependency */,
			);
			name = OnTheMapTests;
			productName = OnTheMapTests;
			productReference = F688C6F925EC620300C1F10D /* OnTheMapTests.xctest */;
			productType = "com.apple.product-type.bundle.unit-test";
		};
		F688C70325EC620300C1F10D /* OnTheMapUITests */ = {
			isa = PBXNativeTarget;
			buildConfigurationList = F688C71325EC620400C1F10D /* Build configuration list for PBXNativeTarget "OnTheMapUITests" */;
			buildPhases = (
				F688C70025EC620300C1F10D /* Sources */,
				F688C70125EC620300C1F10D /* Frameworks */,
				F688C70225EC620300C1F10D /* Resources */,
			);
			buildRules = (
			);
			dependencies = (
				F688C70625EC620400C1F10D /* PBXTargetDependency */,
			);
			name = OnTheMapUITests;
			productName = OnTheMapUITests;
			productReference = F688C70425EC620400C1F10D /* OnTheMapUITests.xctest */;
			productType = "com.apple.product-type.bundle.ui-testing";
		};
/* End PBXNativeTarget section */

/* Begin PBXProject section */
		F688C6DA25EC620100C1F10D /* Project object */ = {
			isa = PBXProject;
			attributes = {
				LastSwiftUpdateCheck = 1030;
				LastUpgradeCheck = 1030;
				ORGANIZATIONNAME = xichengw;
				TargetAttributes = {
					F688C6E125EC620100C1F10D = {
						CreatedOnToolsVersion = 10.3;
					};
					F688C6F825EC620300C1F10D = {
						CreatedOnToolsVersion = 10.3;
						TestTargetID = F688C6E125EC620100C1F10D;
					};
					F688C70325EC620300C1F10D = {
						CreatedOnToolsVersion = 10.3;
						TestTargetID = F688C6E125EC620100C1F10D;
					};
				};
			};
			buildConfigurationList = F688C6DD25EC620100C1F10D /* Build configuration list for PBXProject "OnTheMap" */;
			compatibilityVersion = "Xcode 9.3";
			developmentRegion = en;
			hasScannedForEncodings = 0;
			knownRegions = (
				en,
				Base,
			);
			mainGroup = F688C6D925EC620100C1F10D;
			productRefGroup = F688C6E325EC620100C1F10D /* Products */;
			projectDirPath = "";
			projectRoot = "";
			targets = (
				F688C6E125EC620100C1F10D /* OnTheMap */,
				F688C6F825EC620300C1F10D /* OnTheMapTests */,
				F688C70325EC620300C1F10D /* OnTheMapUITests */,
			);
		};
/* End PBXProject section */

/* Begin PBXResourcesBuildPhase section */
		F688C6E025EC620100C1F10D /* Resources */ = {
			isa = PBXResourcesBuildPhase;
			buildActionMask = 2147483647;
			files = (
				F688C6F325EC620300C1F10D /* LaunchScreen.storyboard in Resources */,
				F688C6F025EC620300C1F10D /* Assets.xcassets in Resources */,
				F688C6EB25EC620100C1F10D /* Main.storyboard in Resources */,
			);
			runOnlyForDeploymentPostprocessing = 0;
		};
		F688C6F725EC620300C1F10D /* Resources */ = {
			isa = PBXResourcesBuildPhase;
			buildActionMask = 2147483647;
			files = (
			);
			runOnlyForDeploymentPostprocessing = 0;
		};
		F688C70225EC620300C1F10D /* Resources */ = {
			isa = PBXResourcesBuildPhase;
			buildActionMask = 2147483647;
			files = (
			);
			runOnlyForDeploymentPostprocessing = 0;
		};
/* End PBXResourcesBuildPhase section */

/* Begin PBXSourcesBuildPhase section */
		F688C6DE25EC620100C1F10D /* Sources */ = {
			isa = PBXSourcesBuildPhase;
			buildActionMask = 2147483647;
			files = (
				F688C6EE25EC620100C1F10D /* OnTheMap.xcdatamodeld in Sources */,
				F685724D25FD846000ECD7C3 /* StudentInformation.swift in Sources */,
				F6D978EF262397F5003D8450 /* SubmitPinViewController.swift in Sources */,
				F688C6E825EC620100C1F10D /* SignInViewController.swift in Sources */,
				F685725125FDA56800ECD7C3 /* InMemoryStore.swift in Sources */,
				F6D978ED2623925E003D8450 /* PostPinViewController.swift in Sources */,
				F685724B25FD809400ECD7C3 /* ParseGateway.swift in Sources */,
				F6D978F1262D3E90003D8450 /* KeyboardAwareViewController.swift in Sources */,
				F6D978EB261D9F00003D8450 /* StudentInformationTableCell.swift in Sources */,
				F688C6E625EC620100C1F10D /* AppDelegate.swift in Sources */,
				F688C75925EC6C9A00C1F10D /* UdacityAuthenticator.swift in Sources */,
				F6D978E9261D8D78003D8450 /* StudentInformatonTableViewController.swift in Sources */,
				F685724F25FD9C9600ECD7C3 /* MapViewController.swift in Sources */,
			);
			runOnlyForDeploymentPostprocessing = 0;
		};
		F688C6F525EC620300C1F10D /* Sources */ = {
			isa = PBXSourcesBuildPhase;
			buildActionMask = 2147483647;
			files = (
				F688C6FE25EC620300C1F10D /* OnTheMapTests.swift in Sources */,
			);
			runOnlyForDeploymentPostprocessing = 0;
		};
		F688C70025EC620300C1F10D /* Sources */ = {
			isa = PBXSourcesBuildPhase;
			buildActionMask = 2147483647;
			files = (
				F688C70925EC620400C1F10D /* OnTheMapUITests.swift in Sources */,
			);
			runOnlyForDeploymentPostprocessing = 0;
		};
/* End PBXSourcesBuildPhase section */

/* Begin PBXTargetDependency section */
		F688C6FB25EC620300C1F10D /* PBXTargetDependency */ = {
			isa = PBXTargetDependency;
			target = F688C6E125EC620100C1F10D /* OnTheMap */;
			targetProxy = F688C6FA25EC620300C1F10D /* PBXContainerItemProxy */;
		};
		F688C70625EC620400C1F10D /* PBXTargetDependency */ = {
			isa = PBXTargetDependency;
			target = F688C6E125EC620100C1F10D /* OnTheMap */;
			targetProxy = F688C70525EC620400C1F10D /* PBXContainerItemProxy */;
		};
/* End PBXTargetDependency section */

/* Begin PBXVariantGroup section */
		F688C6E925EC620100C1F10D /* Main.storyboard */ = {
			isa = PBXVariantGroup;
			children = (
				F688C6EA25EC620100C1F10D /* Base */,
			);
			name = Main.storyboard;
			sourceTree = "<group>";
		};
		F688C6F125EC620300C1F10D /* LaunchScreen.storyboard */ = {
			isa = PBXVariantGroup;
			children = (
				F688C6F225EC620300C1F10D /* Base */,
			);
			name = LaunchScreen.storyboard;
			sourceTree = "<group>";
		};
/* End PBXVariantGroup section */

/* Begin XCBuildConfiguration section */
		F688C70B25EC620400C1F10D /* Debug */ = {
			isa = XCBuildConfiguration;
			buildSettings = {
				ALWAYS_SEARCH_USER_PATHS = NO;
				CLANG_ANALYZER_NONNULL = YES;
				CLANG_ANALYZER_NUMBER_OBJECT_CONVERSION = YES_AGGRESSIVE;
				CLANG_CXX_LANGUAGE_STANDARD = "gnu++14";
				CLANG_CXX_LIBRARY = "libc++";
				CLANG_ENABLE_MODULES = YES;
				CLANG_ENABLE_OBJC_ARC = YES;
				CLANG_ENABLE_OBJC_WEAK = YES;
				CLANG_WARN_BLOCK_CAPTURE_AUTORELEASING = YES;
				CLANG_WARN_BOOL_CONVERSION = YES;
				CLANG_WARN_COMMA = YES;
				CLANG_WARN_CONSTANT_CONVERSION = YES;
				CLANG_WARN_DEPRECATED_OBJC_IMPLEMENTATIONS = YES;
				CLANG_WARN_DIRECT_OBJC_ISA_USAGE = YES_ERROR;
				CLANG_WARN_DOCUMENTATION_COMMENTS = YES;
				CLANG_WARN_EMPTY_BODY = YES;
				CLANG_WARN_ENUM_CONVERSION = YES;
				CLANG_WARN_INFINITE_RECURSION = YES;
				CLANG_WARN_INT_CONVERSION = YES;
				CLANG_WARN_NON_LITERAL_NULL_CONVERSION = YES;
				CLANG_WARN_OBJC_IMPLICIT_RETAIN_SELF = YES;
				CLANG_WARN_OBJC_LITERAL_CONVERSION = YES;
				CLANG_WARN_OBJC_ROOT_CLASS = YES_ERROR;
				CLANG_WARN_RANGE_LOOP_ANALYSIS = YES;
				CLANG_WARN_STRICT_PROTOTYPES = YES;
				CLANG_WARN_SUSPICIOUS_MOVE = YES;
				CLANG_WARN_UNGUARDED_AVAILABILITY = YES_AGGRESSIVE;
				CLANG_WARN_UNREACHABLE_CODE = YES;
				CLANG_WARN__DUPLICATE_METHOD_MATCH = YES;
				CODE_SIGN_IDENTITY = "iPhone Developer";
				COPY_PHASE_STRIP = NO;
				DEBUG_INFORMATION_FORMAT = dwarf;
				ENABLE_STRICT_OBJC_MSGSEND = YES;
				ENABLE_TESTABILITY = YES;
				GCC_C_LANGUAGE_STANDARD = gnu11;
				GCC_DYNAMIC_NO_PIC = NO;
				GCC_NO_COMMON_BLOCKS = YES;
				GCC_OPTIMIZATION_LEVEL = 0;
				GCC_PREPROCESSOR_DEFINITIONS = (
					"DEBUG=1",
					"$(inherited)",
				);
				GCC_WARN_64_TO_32_BIT_CONVERSION = YES;
				GCC_WARN_ABOUT_RETURN_TYPE = YES_ERROR;
				GCC_WARN_UNDECLARED_SELECTOR = YES;
				GCC_WARN_UNINITIALIZED_AUTOS = YES_AGGRESSIVE;
				GCC_WARN_UNUSED_FUNCTION = YES;
				GCC_WARN_UNUSED_VARIABLE = YES;
				IPHONEOS_DEPLOYMENT_TARGET = 12.4;
				MTL_ENABLE_DEBUG_INFO = INCLUDE_SOURCE;
				MTL_FAST_MATH = YES;
				ONLY_ACTIVE_ARCH = YES;
				SDKROOT = iphoneos;
				SWIFT_ACTIVE_COMPILATION_CONDITIONS = DEBUG;
				SWIFT_OPTIMIZATION_LEVEL = "-Onone";
			};
			name = Debug;
		};
		F688C70C25EC620400C1F10D /* Release */ = {
			isa = XCBuildConfiguration;
			buildSettings = {
				ALWAYS_SEARCH_USER_PATHS = NO;
				CLANG_ANALYZER_NONNULL = YES;
				CLANG_ANALYZER_NUMBER_OBJECT_CONVERSION = YES_AGGRESSIVE;
				CLANG_CXX_LANGUAGE_STANDARD = "gnu++14";
				CLANG_CXX_LIBRARY = "libc++";
				CLANG_ENABLE_MODULES = YES;
				CLANG_ENABLE_OBJC_ARC = YES;
				CLANG_ENABLE_OBJC_WEAK = YES;
				CLANG_WARN_BLOCK_CAPTURE_AUTORELEASING = YES;
				CLANG_WARN_BOOL_CONVERSION = YES;
				CLANG_WARN_COMMA = YES;
				CLANG_WARN_CONSTANT_CONVERSION = YES;
				CLANG_WARN_DEPRECATED_OBJC_IMPLEMENTATIONS = YES;
				CLANG_WARN_DIRECT_OBJC_ISA_USAGE = YES_ERROR;
				CLANG_WARN_DOCUMENTATION_COMMENTS = YES;
				CLANG_WARN_EMPTY_BODY = YES;
				CLANG_WARN_ENUM_CONVERSION = YES;
				CLANG_WARN_INFINITE_RECURSION = YES;
				CLANG_WARN_INT_CONVERSION = YES;
				CLANG_WARN_NON_LITERAL_NULL_CONVERSION = YES;
				CLANG_WARN_OBJC_IMPLICIT_RETAIN_SELF = YES;
				CLANG_WARN_OBJC_LITERAL_CONVERSION = YES;
				CLANG_WARN_OBJC_ROOT_CLASS = YES_ERROR;
				CLANG_WARN_RANGE_LOOP_ANALYSIS = YES;
				CLANG_WARN_STRICT_PROTOTYPES = YES;
				CLANG_WARN_SUSPICIOUS_MOVE = YES;
				CLANG_WARN_UNGUARDED_AVAILABILITY = YES_AGGRESSIVE;
				CLANG_WARN_UNREACHABLE_CODE = YES;
				CLANG_WARN__DUPLICATE_METHOD_MATCH = YES;
				CODE_SIGN_IDENTITY = "iPhone Developer";
				COPY_PHASE_STRIP = NO;
				DEBUG_INFORMATION_FORMAT = "dwarf-with-dsym";
				ENABLE_NS_ASSERTIONS = NO;
				ENABLE_STRICT_OBJC_MSGSEND = YES;
				GCC_C_LANGUAGE_STANDARD = gnu11;
				GCC_NO_COMMON_BLOCKS = YES;
				GCC_WARN_64_TO_32_BIT_CONVERSION = YES;
				GCC_WARN_ABOUT_RETURN_TYPE = YES_ERROR;
				GCC_WARN_UNDECLARED_SELECTOR = YES;
				GCC_WARN_UNINITIALIZED_AUTOS = YES_AGGRESSIVE;
				GCC_WARN_UNUSED_FUNCTION = YES;
				GCC_WARN_UNUSED_VARIABLE = YES;
				IPHONEOS_DEPLOYMENT_TARGET = 12.4;
				MTL_ENABLE_DEBUG_INFO = NO;
				MTL_FAST_MATH = YES;
				SDKROOT = iphoneos;
				SWIFT_COMPILATION_MODE = wholemodule;
				SWIFT_OPTIMIZATION_LEVEL = "-O";
				VALIDATE_PRODUCT = YES;
			};
			name = Release;
		};
		F688C70E25EC620400C1F10D /* Debug */ = {
			isa = XCBuildConfiguration;
			buildSettings = {
				ASSETCATALOG_COMPILER_APPICON_NAME = AppIcon;
				CODE_SIGN_STYLE = Automatic;
				DEVELOPMENT_TEAM = SV6HZ8R3MY;
				INFOPLIST_FILE = OnTheMap/Info.plist;
				LD_RUNPATH_SEARCH_PATHS = (
					"$(inherited)",
					"@executable_path/Frameworks",
				);
				PRODUCT_BUNDLE_IDENTIFIER = com.xichengw.onTheMap.OnTheMap9119;
				PRODUCT_NAME = "$(TARGET_NAME)";
				SWIFT_VERSION = 5.0;
				TARGETED_DEVICE_FAMILY = "1,2";
			};
			name = Debug;
		};
		F688C70F25EC620400C1F10D /* Release */ = {
			isa = XCBuildConfiguration;
			buildSettings = {
				ASSETCATALOG_COMPILER_APPICON_NAME = AppIcon;
				CODE_SIGN_STYLE = Automatic;
				DEVELOPMENT_TEAM = SV6HZ8R3MY;
				INFOPLIST_FILE = OnTheMap/Info.plist;
				LD_RUNPATH_SEARCH_PATHS = (
					"$(inherited)",
					"@executable_path/Frameworks",
				);
				PRODUCT_BUNDLE_IDENTIFIER = com.xichengw.onTheMap.OnTheMap9119;
				PRODUCT_NAME = "$(TARGET_NAME)";
				SWIFT_VERSION = 5.0;
				TARGETED_DEVICE_FAMILY = "1,2";
			};
			name = Release;
		};
		F688C71125EC620400C1F10D /* Debug */ = {
			isa = XCBuildConfiguration;
			buildSettings = {
				ALWAYS_EMBED_SWIFT_STANDARD_LIBRARIES = YES;
				BUNDLE_LOADER = "$(TEST_HOST)";
				CODE_SIGN_STYLE = Automatic;
				INFOPLIST_FILE = OnTheMapTests/Info.plist;
				LD_RUNPATH_SEARCH_PATHS = (
					"$(inherited)",
					"@executable_path/Frameworks",
					"@loader_path/Frameworks",
				);
				PRODUCT_BUNDLE_IDENTIFIER = com.xichengw.onTheMap.OnTheMapTests;
				PRODUCT_NAME = "$(TARGET_NAME)";
				SWIFT_VERSION = 5.0;
				TARGETED_DEVICE_FAMILY = "1,2";
				TEST_HOST = "$(BUILT_PRODUCTS_DIR)/OnTheMap.app/OnTheMap";
			};
			name = Debug;
		};
		F688C71225EC620400C1F10D /* Release */ = {
			isa = XCBuildConfiguration;
			buildSettings = {
				ALWAYS_EMBED_SWIFT_STANDARD_LIBRARIES = YES;
				BUNDLE_LOADER = "$(TEST_HOST)";
				CODE_SIGN_STYLE = Automatic;
				INFOPLIST_FILE = OnTheMapTests/Info.plist;
				LD_RUNPATH_SEARCH_PATHS = (
					"$(inherited)",
					"@executable_path/Frameworks",
					"@loader_path/Frameworks",
				);
				PRODUCT_BUNDLE_IDENTIFIER = com.xichengw.onTheMap.OnTheMapTests;
				PRODUCT_NAME = "$(TARGET_NAME)";
				SWIFT_VERSION = 5.0;
				TARGETED_DEVICE_FAMILY = "1,2";
				TEST_HOST = "$(BUILT_PRODUCTS_DIR)/OnTheMap.app/OnTheMap";
			};
			name = Release;
		};
		F688C71425EC620400C1F10D /* Debug */ = {
			isa = XCBuildConfiguration;
			buildSettings = {
				ALWAYS_EMBED_SWIFT_STANDARD_LIBRARIES = YES;
				CODE_SIGN_STYLE = Automatic;
				INFOPLIST_FILE = OnTheMapUITests/Info.plist;
				LD_RUNPATH_SEARCH_PATHS = (
					"$(inherited)",
					"@executable_path/Frameworks",
					"@loader_path/Frameworks",
				);
				PRODUCT_BUNDLE_IDENTIFIER = com.xichengw.onTheMap.OnTheMapUITests;
				PRODUCT_NAME = "$(TARGET_NAME)";
				SWIFT_VERSION = 5.0;
				TARGETED_DEVICE_FAMILY = "1,2";
				TEST_TARGET_NAME = OnTheMap;
			};
			name = Debug;
		};
		F688C71525EC620400C1F10D /* Release */ = {
			isa = XCBuildConfiguration;
			buildSettings = {
				ALWAYS_EMBED_SWIFT_STANDARD_LIBRARIES = YES;
				CODE_SIGN_STYLE = Automatic;
				INFOPLIST_FILE = OnTheMapUITests/Info.plist;
				LD_RUNPATH_SEARCH_PATHS = (
					"$(inherited)",
					"@executable_path/Frameworks",
					"@loader_path/Frameworks",
				);
				PRODUCT_BUNDLE_IDENTIFIER = com.xichengw.onTheMap.OnTheMapUITests;
				PRODUCT_NAME = "$(TARGET_NAME)";
				SWIFT_VERSION = 5.0;
				TARGETED_DEVICE_FAMILY = "1,2";
				TEST_TARGET_NAME = OnTheMap;
			};
			name = Release;
		};
/* End XCBuildConfiguration section */

/* Begin XCConfigurationList section */
		F688C6DD25EC620100C1F10D /* Build configuration list for PBXProject "OnTheMap" */ = {
			isa = XCConfigurationList;
			buildConfigurations = (
				F688C70B25EC620400C1F10D /* Debug */,
				F688C70C25EC620400C1F10D /* Release */,
			);
			defaultConfigurationIsVisible = 0;
			defaultConfigurationName = Release;
		};
		F688C70D25EC620400C1F10D /* Build configuration list for PBXNativeTarget "OnTheMap" */ = {
			isa = XCConfigurationList;
			buildConfigurations = (
				F688C70E25EC620400C1F10D /* Debug */,
				F688C70F25EC620400C1F10D /* Release */,
			);
			defaultConfigurationIsVisible = 0;
			defaultConfigurationName = Release;
		};
		F688C71025EC620400C1F10D /* Build configuration list for PBXNativeTarget "OnTheMapTests" */ = {
			isa = XCConfigurationList;
			buildConfigurations = (
				F688C71125EC620400C1F10D /* Debug */,
				F688C71225EC620400C1F10D /* Release */,
			);
			defaultConfigurationIsVisible = 0;
			defaultConfigurationName = Release;
		};
		F688C71325EC620400C1F10D /* Build configuration list for PBXNativeTarget "OnTheMapUITests" */ = {
			isa = XCConfigurationList;
			buildConfigurations = (
				F688C71425EC620400C1F10D /* Debug */,
				F688C71525EC620400C1F10D /* Release */,
			);
			defaultConfigurationIsVisible = 0;
			defaultConfigurationName = Release;
		};
/* End XCConfigurationList section */

/* Begin XCVersionGroup section */
		F688C6EC25EC620100C1F10D /* OnTheMap.xcdatamodeld */ = {
			isa = XCVersionGroup;
			children = (
				F688C6ED25EC620100C1F10D /* OnTheMap.xcdatamodel */,
			);
			currentVersion = F688C6ED25EC620100C1F10D /* OnTheMap.xcdatamodel */;
			path = OnTheMap.xcdatamodeld;
			sourceTree = "<group>";
			versionGroupType = wrapper.xcdatamodel;
		};
/* End XCVersionGroup section */
	};
	rootObject = F688C6DA25EC620100C1F10D /* Project object */;
}
